// !$*UTF8*$!
{
	archiveVersion = 1;
	classes = {
	};
	objectVersion = 46;
	objects = {

/* Begin PBXBuildFile section */
		0496A360A6F874C295C73D4B /* libPods-Shared-example-macOS.a in Frameworks */ = {isa = PBXBuildFile; fileRef = C8DBC48FD7C3AEF576C57B21 /* libPods-Shared-example-macOS.a */; };
		09E83ADC24EDEB3700627E7F /* example.release.xcconfig in Resources */ = {isa = PBXBuildFile; fileRef = 09E83ADA24EDEB3700627E7F /* example.release.xcconfig */; };
		09E83ADD24EDEB3700627E7F /* example.shared.xcconfig in Resources */ = {isa = PBXBuildFile; fileRef = 09E83ADB24EDEB3700627E7F /* example.shared.xcconfig */; };
		5142014D2437B4B30078DB4F /* AppDelegate.m in Sources */ = {isa = PBXBuildFile; fileRef = 5142014C2437B4B30078DB4F /* AppDelegate.m */; };
		514201502437B4B30078DB4F /* ViewController.m in Sources */ = {isa = PBXBuildFile; fileRef = 5142014F2437B4B30078DB4F /* ViewController.m */; };
		514201522437B4B40078DB4F /* Assets.xcassets in Resources */ = {isa = PBXBuildFile; fileRef = 514201512437B4B40078DB4F /* Assets.xcassets */; };
		514201552437B4B40078DB4F /* Main.storyboard in Resources */ = {isa = PBXBuildFile; fileRef = 514201532437B4B40078DB4F /* Main.storyboard */; };
		514201582437B4B40078DB4F /* main.m in Sources */ = {isa = PBXBuildFile; fileRef = 514201572437B4B40078DB4F /* main.m */; };
/* End PBXBuildFile section */

/* Begin PBXFileReference section */
		02422F9FB6FF5F34B4E63E6F /* Pods-Shared-example-macOS.debug.xcconfig */ = {isa = PBXFileReference; includeInIndex = 1; lastKnownFileType = text.xcconfig; name = "Pods-Shared-example-macOS.debug.xcconfig"; path = "Target Support Files/Pods-Shared-example-macOS/Pods-Shared-example-macOS.debug.xcconfig"; sourceTree = "<group>"; };
		09E83AD924EDE44900627E7F /* example.debug.xcconfig */ = {isa = PBXFileReference; lastKnownFileType = text.xcconfig; path = example.debug.xcconfig; sourceTree = "<group>"; };
		09E83ADA24EDEB3700627E7F /* example.release.xcconfig */ = {isa = PBXFileReference; fileEncoding = 4; lastKnownFileType = text.xcconfig; path = example.release.xcconfig; sourceTree = "<group>"; };
		09E83ADB24EDEB3700627E7F /* example.shared.xcconfig */ = {isa = PBXFileReference; fileEncoding = 4; lastKnownFileType = text.xcconfig; path = example.shared.xcconfig; sourceTree = "<group>"; };
		38423A3E24576CBC00BC2EAC /* main.jsbundle */ = {isa = PBXFileReference; lastKnownFileType = text; path = main.jsbundle; sourceTree = "<group>"; };
		514201492437B4B30078DB4F /* example.app */ = {isa = PBXFileReference; explicitFileType = wrapper.application; includeInIndex = 0; path = example.app; sourceTree = BUILT_PRODUCTS_DIR; };
		5142014B2437B4B30078DB4F /* AppDelegate.h */ = {isa = PBXFileReference; lastKnownFileType = sourcecode.c.h; path = AppDelegate.h; sourceTree = "<group>"; };
		5142014C2437B4B30078DB4F /* AppDelegate.m */ = {isa = PBXFileReference; lastKnownFileType = sourcecode.c.objc; path = AppDelegate.m; sourceTree = "<group>"; };
		5142014E2437B4B30078DB4F /* ViewController.h */ = {isa = PBXFileReference; lastKnownFileType = sourcecode.c.h; path = ViewController.h; sourceTree = "<group>"; };
		5142014F2437B4B30078DB4F /* ViewController.m */ = {isa = PBXFileReference; lastKnownFileType = sourcecode.c.objc; path = ViewController.m; sourceTree = "<group>"; };
		514201512437B4B40078DB4F /* Assets.xcassets */ = {isa = PBXFileReference; lastKnownFileType = folder.assetcatalog; path = Assets.xcassets; sourceTree = "<group>"; };
		514201542437B4B40078DB4F /* Base */ = {isa = PBXFileReference; lastKnownFileType = file.storyboard; name = Base; path = Base.lproj/Main.storyboard; sourceTree = "<group>"; };
		514201562437B4B40078DB4F /* Info.plist */ = {isa = PBXFileReference; lastKnownFileType = text.plist.xml; path = Info.plist; sourceTree = "<group>"; };
		514201572437B4B40078DB4F /* main.m */ = {isa = PBXFileReference; lastKnownFileType = sourcecode.c.objc; path = main.m; sourceTree = "<group>"; };
		514201592437B4B40078DB4F /* example.entitlements */ = {isa = PBXFileReference; lastKnownFileType = text.plist.entitlements; path = example.entitlements; sourceTree = "<group>"; };
		C8DBC48FD7C3AEF576C57B21 /* libPods-Shared-example-macOS.a */ = {isa = PBXFileReference; explicitFileType = archive.ar; includeInIndex = 0; path = "libPods-Shared-example-macOS.a"; sourceTree = BUILT_PRODUCTS_DIR; };
		CE0E74F571E1F48FF00A8324 /* Pods-Shared-example-macOS.release.xcconfig */ = {isa = PBXFileReference; includeInIndex = 1; lastKnownFileType = text.xcconfig; name = "Pods-Shared-example-macOS.release.xcconfig"; path = "Target Support Files/Pods-Shared-example-macOS/Pods-Shared-example-macOS.release.xcconfig"; sourceTree = "<group>"; };
		ED297162215061F000B7C4FE /* JavaScriptCore.framework */ = {isa = PBXFileReference; lastKnownFileType = wrapper.framework; name = JavaScriptCore.framework; path = System/Library/Frameworks/JavaScriptCore.framework; sourceTree = SDKROOT; };
		ED2971642150620600B7C4FE /* JavaScriptCore.framework */ = {isa = PBXFileReference; lastKnownFileType = wrapper.framework; name = JavaScriptCore.framework; path = Platforms/AppleTVOS.platform/Developer/SDKs/AppleTVOS12.0.sdk/System/Library/Frameworks/JavaScriptCore.framework; sourceTree = DEVELOPER_DIR; };
		FB6EED1BDEABADF047CC5223 /* libPods-Shared-example-iOS.a */ = {isa = PBXFileReference; explicitFileType = archive.ar; includeInIndex = 0; path = "libPods-Shared-example-iOS.a"; sourceTree = BUILT_PRODUCTS_DIR; };
/* End PBXFileReference section */

/* Begin PBXFrameworksBuildPhase section */
		514201462437B4B30078DB4F /* Frameworks */ = {
			isa = PBXFrameworksBuildPhase;
			buildActionMask = 2147483647;
			files = (
				0496A360A6F874C295C73D4B /* libPods-Shared-example-macOS.a in Frameworks */,
			);
			runOnlyForDeploymentPostprocessing = 0;
		};
/* End PBXFrameworksBuildPhase section */

/* Begin PBXGroup section */
		09E83AD824EDE40200627E7F /* Config */ = {
			isa = PBXGroup;
			children = (
				09E83AD924EDE44900627E7F /* example.debug.xcconfig */,
				09E83ADA24EDEB3700627E7F /* example.release.xcconfig */,
				09E83ADB24EDEB3700627E7F /* example.shared.xcconfig */,
			);
			path = Config;
			sourceTree = "<group>";
		};
		1986A43FA6A91CFACDF0A798 /* Pods */ = {
			isa = PBXGroup;
			children = (
				02422F9FB6FF5F34B4E63E6F /* Pods-Shared-example-macOS.debug.xcconfig */,
				CE0E74F571E1F48FF00A8324 /* Pods-Shared-example-macOS.release.xcconfig */,
			);
			path = Pods;
			sourceTree = "<group>";
		};
		2D16E6871FA4F8E400B85C8A /* Frameworks */ = {
			isa = PBXGroup;
			children = (
				ED297162215061F000B7C4FE /* JavaScriptCore.framework */,
				ED2971642150620600B7C4FE /* JavaScriptCore.framework */,
				FB6EED1BDEABADF047CC5223 /* libPods-Shared-example-iOS.a */,
				C8DBC48FD7C3AEF576C57B21 /* libPods-Shared-example-macOS.a */,
			);
			name = Frameworks;
			sourceTree = "<group>";
		};
		5142014A2437B4B30078DB4F /* example-macOS */ = {
			isa = PBXGroup;
			children = (
				38423A3E24576CBC00BC2EAC /* main.jsbundle */,
				5142014B2437B4B30078DB4F /* AppDelegate.h */,
				5142014C2437B4B30078DB4F /* AppDelegate.m */,
				5142014E2437B4B30078DB4F /* ViewController.h */,
				5142014F2437B4B30078DB4F /* ViewController.m */,
				514201512437B4B40078DB4F /* Assets.xcassets */,
				514201532437B4B40078DB4F /* Main.storyboard */,
				514201562437B4B40078DB4F /* Info.plist */,
				514201572437B4B40078DB4F /* main.m */,
				514201592437B4B40078DB4F /* example.entitlements */,
			);
			path = "example-macOS";
			sourceTree = "<group>";
		};
		832341AE1AAA6A7D00B99B32 /* Libraries */ = {
			isa = PBXGroup;
			children = (
			);
			name = Libraries;
			sourceTree = "<group>";
		};
		83CBB9F61A601CBA00E9B192 = {
			isa = PBXGroup;
			children = (
				5142014A2437B4B30078DB4F /* example-macOS */,
				832341AE1AAA6A7D00B99B32 /* Libraries */,
				83CBBA001A601CBA00E9B192 /* Products */,
				2D16E6871FA4F8E400B85C8A /* Frameworks */,
				09E83AD824EDE40200627E7F /* Config */,
				1986A43FA6A91CFACDF0A798 /* Pods */,
			);
			indentWidth = 2;
			sourceTree = "<group>";
			tabWidth = 2;
			usesTabs = 0;
		};
		83CBBA001A601CBA00E9B192 /* Products */ = {
			isa = PBXGroup;
			children = (
				514201492437B4B30078DB4F /* example.app */,
			);
			name = Products;
			sourceTree = "<group>";
		};
/* End PBXGroup section */

/* Begin PBXNativeTarget section */
		514201482437B4B30078DB4F /* example-macOS */ = {
			isa = PBXNativeTarget;
			buildConfigurationList = 5142015A2437B4B40078DB4F /* Build configuration list for PBXNativeTarget "example-macOS" */;
			buildPhases = (
				1A938104A937498D81B3BD3B /* [CP] Check Pods Manifest.lock */,
				381D8A6F24576A6C00465D17 /* Start Packager */,
				514201452437B4B30078DB4F /* Sources */,
				514201462437B4B30078DB4F /* Frameworks */,
				514201472437B4B30078DB4F /* Resources */,
				381D8A6E24576A4E00465D17 /* Bundle React Native code and images */,
			);
			buildRules = (
			);
			dependencies = (
			);
			name = "example-macOS";
			productName = example;
			productReference = 514201492437B4B30078DB4F /* example.app */;
			productType = "com.apple.product-type.application";
		};
/* End PBXNativeTarget section */

/* Begin PBXProject section */
		83CBB9F71A601CBA00E9B192 /* Project object */ = {
			isa = PBXProject;
			attributes = {
				LastUpgradeCheck = 1130;
				TargetAttributes = {
					514201482437B4B30078DB4F = {
						CreatedOnToolsVersion = 11.4;
						ProvisioningStyle = Automatic;
					};
				};
			};
			buildConfigurationList = 83CBB9FA1A601CBA00E9B192 /* Build configuration list for PBXProject "example" */;
			compatibilityVersion = "Xcode 3.2";
			developmentRegion = en;
			hasScannedForEncodings = 0;
			knownRegions = (
				en,
				Base,
			);
			mainGroup = 83CBB9F61A601CBA00E9B192;
			productRefGroup = 83CBBA001A601CBA00E9B192 /* Products */;
			projectDirPath = "";
			projectRoot = "";
			targets = (
				514201482437B4B30078DB4F /* example-macOS */,
			);
		};
/* End PBXProject section */

/* Begin PBXResourcesBuildPhase section */
		514201472437B4B30078DB4F /* Resources */ = {
			isa = PBXResourcesBuildPhase;
			buildActionMask = 2147483647;
			files = (
				514201522437B4B40078DB4F /* Assets.xcassets in Resources */,
				514201552437B4B40078DB4F /* Main.storyboard in Resources */,
				09E83ADC24EDEB3700627E7F /* example.release.xcconfig in Resources */,
				09E83ADD24EDEB3700627E7F /* example.shared.xcconfig in Resources */,
			);
			runOnlyForDeploymentPostprocessing = 0;
		};
/* End PBXResourcesBuildPhase section */

/* Begin PBXShellScriptBuildPhase section */
		1A938104A937498D81B3BD3B /* [CP] Check Pods Manifest.lock */ = {
			isa = PBXShellScriptBuildPhase;
			buildActionMask = 2147483647;
			files = (
			);
			inputFileListPaths = (
			);
			inputPaths = (
				"${PODS_PODFILE_DIR_PATH}/Podfile.lock",
				"${PODS_ROOT}/Manifest.lock",
			);
			name = "[CP] Check Pods Manifest.lock";
			outputFileListPaths = (
			);
			outputPaths = (
				"$(DERIVED_FILE_DIR)/Pods-Shared-example-macOS-checkManifestLockResult.txt",
			);
			runOnlyForDeploymentPostprocessing = 0;
			shellPath = /bin/sh;
			shellScript = "diff \"${PODS_PODFILE_DIR_PATH}/Podfile.lock\" \"${PODS_ROOT}/Manifest.lock\" > /dev/null\nif [ $? != 0 ] ; then\n    # print error to STDERR\n    echo \"error: The sandbox is not in sync with the Podfile.lock. Run 'pod install' or update your CocoaPods installation.\" >&2\n    exit 1\nfi\n# This output is used by Xcode 'outputs' to avoid re-running this script phase.\necho \"SUCCESS\" > \"${SCRIPT_OUTPUT_FILE_0}\"\n";
			showEnvVarsInLog = 0;
		};
		381D8A6E24576A4E00465D17 /* Bundle React Native code and images */ = {
			isa = PBXShellScriptBuildPhase;
			buildActionMask = 2147483647;
			files = (
			);
			inputFileListPaths = (
			);
			inputPaths = (
			);
			name = "Bundle React Native code and images";
			outputFileListPaths = (
			);
			outputPaths = (
			);
			runOnlyForDeploymentPostprocessing = 0;
			shellPath = /bin/sh;
			shellScript = "export NODE_BINARY=node\n../node_modules/react-native-macos/scripts/react-native-xcode.sh\n";
		};
		381D8A6F24576A6C00465D17 /* Start Packager */ = {
			isa = PBXShellScriptBuildPhase;
			buildActionMask = 2147483647;
			files = (
			);
			inputFileListPaths = (
			);
			inputPaths = (
			);
			name = "Start Packager";
			outputFileListPaths = (
			);
			outputPaths = (
			);
			runOnlyForDeploymentPostprocessing = 0;
			shellPath = /bin/sh;
			shellScript = "export RCT_METRO_PORT=\"${RCT_METRO_PORT:=8081}\"\necho \"export RCT_METRO_PORT=${RCT_METRO_PORT}\" > \"${SRCROOT}/../node_modules/react-native-macos/scripts/.packager.env\"\nif [ -z \"${RCT_NO_LAUNCH_PACKAGER+xxx}\" ] ; then\n  if nc -w 5 -z localhost ${RCT_METRO_PORT} ; then\n    if ! curl -s \"http://localhost:${RCT_METRO_PORT}/status\" | grep -q \"packager-status:running\" ; then\n      echo \"Port ${RCT_METRO_PORT} already in use, packager is either not running or not running correctly\"\n      exit 2\n    fi\n  else\n    open \"$SRCROOT/../node_modules/react-native-macos/scripts/launchPackager.command\" || echo \"Can't start packager automatically\"\n  fi\nfi\n";
		};
/* End PBXShellScriptBuildPhase section */

/* Begin PBXSourcesBuildPhase section */
		514201452437B4B30078DB4F /* Sources */ = {
			isa = PBXSourcesBuildPhase;
			buildActionMask = 2147483647;
			files = (
				514201502437B4B30078DB4F /* ViewController.m in Sources */,
				514201582437B4B40078DB4F /* main.m in Sources */,
				5142014D2437B4B30078DB4F /* AppDelegate.m in Sources */,
			);
			runOnlyForDeploymentPostprocessing = 0;
		};
/* End PBXSourcesBuildPhase section */

/* Begin PBXVariantGroup section */
		514201532437B4B40078DB4F /* Main.storyboard */ = {
			isa = PBXVariantGroup;
			children = (
				514201542437B4B40078DB4F /* Base */,
			);
			name = Main.storyboard;
			sourceTree = "<group>";
		};
/* End PBXVariantGroup section */

/* Begin XCBuildConfiguration section */
		5142015B2437B4B40078DB4F /* Debug */ = {
			isa = XCBuildConfiguration;
			baseConfigurationReference = 02422F9FB6FF5F34B4E63E6F /* Pods-Shared-example-macOS.debug.xcconfig */;
			buildSettings = {
			};
			name = Debug;
		};
		5142015C2437B4B40078DB4F /* Release */ = {
			isa = XCBuildConfiguration;
			baseConfigurationReference = CE0E74F571E1F48FF00A8324 /* Pods-Shared-example-macOS.release.xcconfig */;
			buildSettings = {
			};
			name = Release;
		};
		83CBBA201A601CBA00E9B192 /* Debug */ = {
			isa = XCBuildConfiguration;
			baseConfigurationReference = 09E83AD924EDE44900627E7F /* example.debug.xcconfig */;
			buildSettings = {
			};
			name = Debug;
		};
		83CBBA211A601CBA00E9B192 /* Release */ = {
			isa = XCBuildConfiguration;
			baseConfigurationReference = 09E83ADA24EDEB3700627E7F /* example.release.xcconfig */;
			buildSettings = {
			};
			name = Release;
		};
/* End XCBuildConfiguration section */

/* Begin XCConfigurationList section */
		5142015A2437B4B40078DB4F /* Build configuration list for PBXNativeTarget "example-macOS" */ = {
			isa = XCConfigurationList;
			buildConfigurations = (
				5142015B2437B4B40078DB4F /* Debug */,
				5142015C2437B4B40078DB4F /* Release */,
			);
			defaultConfigurationIsVisible = 0;
			defaultConfigurationName = Release;
		};
		83CBB9FA1A601CBA00E9B192 /* Build configuration list for PBXProject "example" */ = {
			isa = XCConfigurationList;
			buildConfigurations = (
				83CBBA201A601CBA00E9B192 /* Debug */,
				83CBBA211A601CBA00E9B192 /* Release */,
			);
			defaultConfigurationIsVisible = 0;
			defaultConfigurationName = Release;
		};
/* End XCConfigurationList section */
	};
	rootObject = 83CBB9F71A601CBA00E9B192 /* Project object */;
}
