PODS:
  - boost-for-react-native (1.63.0)
  - DoubleConversion (1.1.6)
  - FBLazyVector (0.62.15)
  - FBReactNativeSpec (0.62.15):
    - RCT-Folly (= 2018.10.22.00)
    - RCTRequired (= 0.62.15)
    - RCTTypeSafety (= 0.62.15)
    - React-Core (= 0.62.15)
    - React-jsi (= 0.62.15)
    - ReactCommon/turbomodule/core (= 0.62.15)
  - glog (0.3.5)
  - RCT-Folly (2018.10.22.00):
    - boost-for-react-native
    - DoubleConversion
    - glog
    - RCT-Folly/Default (= 2018.10.22.00)
  - RCT-Folly/Default (2018.10.22.00):
    - boost-for-react-native
    - DoubleConversion
    - glog
  - RCTRequired (0.62.15)
  - RCTTypeSafety (0.62.15):
    - FBLazyVector (= 0.62.15)
    - RCT-Folly (= 2018.10.22.00)
    - RCTRequired (= 0.62.15)
    - React-Core (= 0.62.15)
  - React (0.62.15):
    - React-Core (= 0.62.15)
    - React-Core/DevSupport (= 0.62.15)
    - React-Core/RCTWebSocket (= 0.62.15)
    - React-RCTActionSheet (= 0.62.15)
    - React-RCTAnimation (= 0.62.15)
    - React-RCTBlob (= 0.62.15)
    - React-RCTImage (= 0.62.15)
    - React-RCTLinking (= 0.62.15)
    - React-RCTNetwork (= 0.62.15)
    - React-RCTSettings (= 0.62.15)
    - React-RCTText (= 0.62.15)
    - React-RCTVibration (= 0.62.15)
  - React-Core (0.62.15):
    - glog
    - RCT-Folly (= 2018.10.22.00)
    - React-Core/Default (= 0.62.15)
    - React-cxxreact (= 0.62.15)
    - React-jsi (= 0.62.15)
    - React-jsiexecutor (= 0.62.15)
    - Yoga
  - React-Core/CoreModulesHeaders (0.62.15):
    - glog
    - RCT-Folly (= 2018.10.22.00)
    - React-Core/Default
    - React-cxxreact (= 0.62.15)
    - React-jsi (= 0.62.15)
    - React-jsiexecutor (= 0.62.15)
    - Yoga
  - React-Core/Default (0.62.15):
    - glog
    - RCT-Folly (= 2018.10.22.00)
    - React-cxxreact (= 0.62.15)
    - React-jsi (= 0.62.15)
    - React-jsiexecutor (= 0.62.15)
    - Yoga
  - React-Core/DevSupport (0.62.15):
    - glog
    - RCT-Folly (= 2018.10.22.00)
    - React-Core/Default (= 0.62.15)
    - React-Core/RCTWebSocket (= 0.62.15)
    - React-cxxreact (= 0.62.15)
    - React-jsi (= 0.62.15)
    - React-jsiexecutor (= 0.62.15)
    - React-jsinspector (= 0.62.15)
    - Yoga
  - React-Core/RCTActionSheetHeaders (0.62.15):
    - glog
    - RCT-Folly (= 2018.10.22.00)
    - React-Core/Default
    - React-cxxreact (= 0.62.15)
    - React-jsi (= 0.62.15)
    - React-jsiexecutor (= 0.62.15)
    - Yoga
  - React-Core/RCTAnimationHeaders (0.62.15):
    - glog
    - RCT-Folly (= 2018.10.22.00)
    - React-Core/Default
    - React-cxxreact (= 0.62.15)
    - React-jsi (= 0.62.15)
    - React-jsiexecutor (= 0.62.15)
    - Yoga
  - React-Core/RCTBlobHeaders (0.62.15):
    - glog
    - RCT-Folly (= 2018.10.22.00)
    - React-Core/Default
    - React-cxxreact (= 0.62.15)
    - React-jsi (= 0.62.15)
    - React-jsiexecutor (= 0.62.15)
    - Yoga
  - React-Core/RCTImageHeaders (0.62.15):
    - glog
    - RCT-Folly (= 2018.10.22.00)
    - React-Core/Default
    - React-cxxreact (= 0.62.15)
    - React-jsi (= 0.62.15)
    - React-jsiexecutor (= 0.62.15)
    - Yoga
  - React-Core/RCTLinkingHeaders (0.62.15):
    - glog
    - RCT-Folly (= 2018.10.22.00)
    - React-Core/Default
    - React-cxxreact (= 0.62.15)
    - React-jsi (= 0.62.15)
    - React-jsiexecutor (= 0.62.15)
    - Yoga
  - React-Core/RCTNetworkHeaders (0.62.15):
    - glog
    - RCT-Folly (= 2018.10.22.00)
    - React-Core/Default
    - React-cxxreact (= 0.62.15)
    - React-jsi (= 0.62.15)
    - React-jsiexecutor (= 0.62.15)
    - Yoga
  - React-Core/RCTSettingsHeaders (0.62.15):
    - glog
    - RCT-Folly (= 2018.10.22.00)
    - React-Core/Default
    - React-cxxreact (= 0.62.15)
    - React-jsi (= 0.62.15)
    - React-jsiexecutor (= 0.62.15)
    - Yoga
  - React-Core/RCTTextHeaders (0.62.15):
    - glog
    - RCT-Folly (= 2018.10.22.00)
    - React-Core/Default
    - React-cxxreact (= 0.62.15)
    - React-jsi (= 0.62.15)
    - React-jsiexecutor (= 0.62.15)
    - Yoga
  - React-Core/RCTVibrationHeaders (0.62.15):
    - glog
    - RCT-Folly (= 2018.10.22.00)
    - React-Core/Default
    - React-cxxreact (= 0.62.15)
    - React-jsi (= 0.62.15)
    - React-jsiexecutor (= 0.62.15)
    - Yoga
  - React-Core/RCTWebSocket (0.62.15):
    - glog
    - RCT-Folly (= 2018.10.22.00)
    - React-Core/Default (= 0.62.15)
    - React-cxxreact (= 0.62.15)
    - React-jsi (= 0.62.15)
    - React-jsiexecutor (= 0.62.15)
    - Yoga
  - React-CoreModules (0.62.15):
    - FBReactNativeSpec (= 0.62.15)
    - RCT-Folly (= 2018.10.22.00)
    - RCTTypeSafety (= 0.62.15)
    - React-Core/CoreModulesHeaders (= 0.62.15)
    - React-RCTImage (= 0.62.15)
    - ReactCommon/turbomodule/core (= 0.62.15)
  - React-cxxreact (0.62.15):
    - boost-for-react-native (= 1.63.0)
    - DoubleConversion
    - glog
    - RCT-Folly (= 2018.10.22.00)
    - React-jsinspector (= 0.62.15)
  - React-jsi (0.62.15):
    - boost-for-react-native (= 1.63.0)
    - DoubleConversion
    - glog
    - RCT-Folly (= 2018.10.22.00)
    - React-jsi/Default (= 0.62.15)
  - React-jsi/Default (0.62.15):
    - boost-for-react-native (= 1.63.0)
    - DoubleConversion
    - glog
    - RCT-Folly (= 2018.10.22.00)
  - React-jsiexecutor (0.62.15):
    - DoubleConversion
    - glog
    - RCT-Folly (= 2018.10.22.00)
    - React-cxxreact (= 0.62.15)
    - React-jsi (= 0.62.15)
  - React-jsinspector (0.62.15)
  - React-RCTActionSheet (0.62.15):
    - React-Core/RCTActionSheetHeaders (= 0.62.15)
  - React-RCTAnimation (0.62.15):
    - FBReactNativeSpec (= 0.62.15)
    - RCT-Folly (= 2018.10.22.00)
    - RCTTypeSafety (= 0.62.15)
    - React-Core/RCTAnimationHeaders (= 0.62.15)
    - ReactCommon/turbomodule/core (= 0.62.15)
  - React-RCTBlob (0.62.15):
    - FBReactNativeSpec (= 0.62.15)
    - RCT-Folly (= 2018.10.22.00)
    - React-Core/RCTBlobHeaders (= 0.62.15)
    - React-Core/RCTWebSocket (= 0.62.15)
    - React-jsi (= 0.62.15)
    - React-RCTNetwork (= 0.62.15)
    - ReactCommon/turbomodule/core (= 0.62.15)
  - React-RCTImage (0.62.15):
    - FBReactNativeSpec (= 0.62.15)
    - RCT-Folly (= 2018.10.22.00)
    - RCTTypeSafety (= 0.62.15)
    - React-Core/RCTImageHeaders (= 0.62.15)
    - React-RCTNetwork (= 0.62.15)
    - ReactCommon/turbomodule/core (= 0.62.15)
  - React-RCTLinking (0.62.15):
    - FBReactNativeSpec (= 0.62.15)
    - React-Core/RCTLinkingHeaders (= 0.62.15)
    - ReactCommon/turbomodule/core (= 0.62.15)
  - React-RCTNetwork (0.62.15):
    - FBReactNativeSpec (= 0.62.15)
    - RCT-Folly (= 2018.10.22.00)
    - RCTTypeSafety (= 0.62.15)
    - React-Core/RCTNetworkHeaders (= 0.62.15)
    - ReactCommon/turbomodule/core (= 0.62.15)
  - React-RCTSettings (0.62.15):
    - FBReactNativeSpec (= 0.62.15)
    - RCT-Folly (= 2018.10.22.00)
    - RCTTypeSafety (= 0.62.15)
    - React-Core/RCTSettingsHeaders (= 0.62.15)
    - ReactCommon/turbomodule/core (= 0.62.15)
  - React-RCTText (0.62.15):
    - React-Core/RCTTextHeaders (= 0.62.15)
  - React-RCTVibration (0.62.15):
    - FBReactNativeSpec (= 0.62.15)
    - RCT-Folly (= 2018.10.22.00)
    - React-Core/RCTVibrationHeaders (= 0.62.15)
    - ReactCommon/turbomodule/core (= 0.62.15)
  - ReactCommon/callinvoker (0.62.15):
    - DoubleConversion
    - glog
    - RCT-Folly (= 2018.10.22.00)
    - React-cxxreact (= 0.62.15)
  - ReactCommon/turbomodule/core (0.62.15):
    - DoubleConversion
    - glog
    - RCT-Folly (= 2018.10.22.00)
    - React-Core (= 0.62.15)
    - React-cxxreact (= 0.62.15)
    - React-jsi (= 0.62.15)
    - ReactCommon/callinvoker (= 0.62.15)
  - RNCClipboard (1.3.0):
    - React-Core
  - Yoga (1.14.0)

DEPENDENCIES:
  - boost-for-react-native (from `../../node_modules/react-native-macos/third-party-podspecs/boost-for-react-native.podspec`)
  - DoubleConversion (from `../../node_modules/react-native-macos/third-party-podspecs/DoubleConversion.podspec`)
  - FBLazyVector (from `../../node_modules/react-native-macos/Libraries/FBLazyVector`)
  - FBReactNativeSpec (from `../../node_modules/react-native-macos/Libraries/FBReactNativeSpec`)
  - glog (from `../../node_modules/react-native-macos/third-party-podspecs/glog.podspec`)
  - RCT-Folly (from `../../node_modules/react-native-macos/third-party-podspecs/RCT-Folly.podspec`)
  - RCTRequired (from `../../node_modules/react-native-macos/Libraries/RCTRequired`)
  - RCTTypeSafety (from `../../node_modules/react-native-macos/Libraries/TypeSafety`)
  - React (from `../../node_modules/react-native-macos/`)
  - React-Core (from `../../node_modules/react-native-macos/`)
  - React-Core/DevSupport (from `../../node_modules/react-native-macos/`)
  - React-Core/RCTWebSocket (from `../../node_modules/react-native-macos/`)
  - React-CoreModules (from `../../node_modules/react-native-macos/React/CoreModules`)
  - React-cxxreact (from `../../node_modules/react-native-macos/ReactCommon/cxxreact`)
  - React-jsi (from `../../node_modules/react-native-macos/ReactCommon/jsi`)
  - React-jsiexecutor (from `../../node_modules/react-native-macos/ReactCommon/jsiexecutor`)
  - React-jsinspector (from `../../node_modules/react-native-macos/ReactCommon/jsinspector`)
  - React-RCTActionSheet (from `../../node_modules/react-native-macos/Libraries/ActionSheetIOS`)
  - React-RCTAnimation (from `../../node_modules/react-native-macos/Libraries/NativeAnimation`)
  - React-RCTBlob (from `../../node_modules/react-native-macos/Libraries/Blob`)
  - React-RCTImage (from `../../node_modules/react-native-macos/Libraries/Image`)
  - React-RCTLinking (from `../../node_modules/react-native-macos/Libraries/LinkingIOS`)
  - React-RCTNetwork (from `../../node_modules/react-native-macos/Libraries/Network`)
  - React-RCTSettings (from `../../node_modules/react-native-macos/Libraries/Settings`)
  - React-RCTText (from `../../node_modules/react-native-macos/Libraries/Text`)
  - React-RCTVibration (from `../../node_modules/react-native-macos/Libraries/Vibration`)
  - ReactCommon/callinvoker (from `../../node_modules/react-native-macos/ReactCommon`)
  - ReactCommon/turbomodule/core (from `../../node_modules/react-native-macos/ReactCommon`)
  - RNCClipboard (from `../..`)
  - Yoga (from `../../node_modules/react-native-macos/ReactCommon/yoga`)

EXTERNAL SOURCES:
  boost-for-react-native:
    :podspec: "../../node_modules/react-native-macos/third-party-podspecs/boost-for-react-native.podspec"
  DoubleConversion:
    :podspec: "../../node_modules/react-native-macos/third-party-podspecs/DoubleConversion.podspec"
  FBLazyVector:
    :path: "../../node_modules/react-native-macos/Libraries/FBLazyVector"
  FBReactNativeSpec:
    :path: "../../node_modules/react-native-macos/Libraries/FBReactNativeSpec"
  glog:
    :podspec: "../../node_modules/react-native-macos/third-party-podspecs/glog.podspec"
  RCT-Folly:
    :podspec: "../../node_modules/react-native-macos/third-party-podspecs/RCT-Folly.podspec"
  RCTRequired:
    :path: "../../node_modules/react-native-macos/Libraries/RCTRequired"
  RCTTypeSafety:
    :path: "../../node_modules/react-native-macos/Libraries/TypeSafety"
  React:
    :path: "../../node_modules/react-native-macos/"
  React-Core:
    :path: "../../node_modules/react-native-macos/"
  React-CoreModules:
    :path: "../../node_modules/react-native-macos/React/CoreModules"
  React-cxxreact:
    :path: "../../node_modules/react-native-macos/ReactCommon/cxxreact"
  React-jsi:
    :path: "../../node_modules/react-native-macos/ReactCommon/jsi"
  React-jsiexecutor:
    :path: "../../node_modules/react-native-macos/ReactCommon/jsiexecutor"
  React-jsinspector:
    :path: "../../node_modules/react-native-macos/ReactCommon/jsinspector"
  React-RCTActionSheet:
    :path: "../../node_modules/react-native-macos/Libraries/ActionSheetIOS"
  React-RCTAnimation:
    :path: "../../node_modules/react-native-macos/Libraries/NativeAnimation"
  React-RCTBlob:
    :path: "../../node_modules/react-native-macos/Libraries/Blob"
  React-RCTImage:
    :path: "../../node_modules/react-native-macos/Libraries/Image"
  React-RCTLinking:
    :path: "../../node_modules/react-native-macos/Libraries/LinkingIOS"
  React-RCTNetwork:
    :path: "../../node_modules/react-native-macos/Libraries/Network"
  React-RCTSettings:
    :path: "../../node_modules/react-native-macos/Libraries/Settings"
  React-RCTText:
    :path: "../../node_modules/react-native-macos/Libraries/Text"
  React-RCTVibration:
    :path: "../../node_modules/react-native-macos/Libraries/Vibration"
  ReactCommon:
    :path: "../../node_modules/react-native-macos/ReactCommon"
  RNCClipboard:
    :path: "../.."
  Yoga:
    :path: "../../node_modules/react-native-macos/ReactCommon/yoga"

SPEC CHECKSUMS:
  boost-for-react-native: dabda8622e76020607c2ae1e65cc0cda8b61479d
  DoubleConversion: 681b789128e5512811c81706e9b361209f40d21e
  FBLazyVector: bc3eca783f136fd77f4c3b0523dda105b9859187
  FBReactNativeSpec: f69ed05ef684e5be380c633d852b7c045b84533e
  glog: d86cb3634e15ec6d8cd9a1c7c1b9d6fa295beb37
  RCT-Folly: 71ece0166f9c96c1ec9279eeb0317baf533c020f
  RCTRequired: 8953bfefb26ff73e5d45e05f089b97193267deaf
  RCTTypeSafety: 23fae052ca4a6708dc2ad3a31f7e3a4152a1b566
  React: 7aaea546a755d0572f1ac60e49d017dd5962010b
  React-Core: 85f68cf6bbc891751c2856e30e20e76fd9262438
  React-CoreModules: 8e6c827bd718110e3978d5d892066b945d07a939
  React-cxxreact: 6fd5fc345d1163574e61be29220d09199d936724
  React-jsi: 4750ec29707649d512ac9cefa9e2e803dcb5bd45
  React-jsiexecutor: ea128410408a90fa8c34e50727bf35d33f0afb47
  React-jsinspector: b993b6199075a64cebb22503db21c1b03e7bab2c
  React-RCTActionSheet: b55fe1713c2d3c994fa9f3eb5a0c6b864869751a
  React-RCTAnimation: a6dd7efa9f0e049d1ea2ad7a73843b237547378d
  React-RCTBlob: ac98a56c716baef9ac6e982f3e1eeb9329a9f6d0
  React-RCTImage: 3b89c744fa718dace801f8989ff5054e13f52df4
  React-RCTLinking: 7fa4cb16154a5809262df04e44828d8eb3870396
  React-RCTNetwork: 9cada148a7cbfed9175427bbd68ef5616af97aa4
  React-RCTSettings: 76e5e6f6b2a0bad6f7fbcd3a493cf6f752cb8794
  React-RCTText: b779378b6a01d2a4025dc0e32ea381af15741700
  React-RCTVibration: 168ba1c81e7bec7dac242775d8930225d8d142cb
  ReactCommon: 6e88045a7cc5568578eaa692aa3dc472108b0c4b
  RNCClipboard: 778f55bf7f12c0f39d4ff273126cb4652b2bf7d3
  Yoga: 201b34f6ba83e49b98f5c3e2f612309aec3cfa89

PODFILE CHECKSUM: 2aea16b690d699838150964ba21f57e0d2a82916

COCOAPODS: 1.9.3
